
Microsoft Visual Studio Solution File, Format Version 12.00
# Visual Studio Version 17
VisualStudioVersion = 17.7.34302.85
MinimumVisualStudioVersion = 10.0.40219.1
Project("{8BC9CEB8-8B4A-11D0-8D11-00A0C91BC942}") = "Chapter13-1436-002", "Chapter13-1436-002\Chapter13-1436-002.vcxproj", "{4428BED2-3DB9-426B-86A4-7307E9EF3D84}"
EndProject
Project("{8BC9CEB8-8B4A-11D0-8D11-00A0C91BC942}") = "word-guessing-game-partial", "word-guessing-game-partial\word-guessing-game-partial.vcxproj", "{B699A7AC-7FA9-47E3-A717-A2789AE28C7F}"
EndProject
Global
	GlobalSection(SolutionConfigurationPlatforms) = preSolution
		Debug|x64 = Debug|x64
		Debug|x86 = Debug|x86
		Release|x64 = Release|x64
		Release|x86 = Release|x86
	EndGlobalSection
	GlobalSection(ProjectConfigurationPlatforms) = postSolution
		{4428BED2-3DB9-426B-86A4-7307E9EF3D84}.Debug|x64.ActiveCfg = Debug|x64
		{4428BED2-3DB9-426B-86A4-7307E9EF3D84}.Debug|x64.Build.0 = Debug|x64
		{4428BED2-3DB9-426B-86A4-7307E9EF3D84}.Debug|x86.ActiveCfg = Debug|Win32
		{4428BED2-3DB9-426B-86A4-7307E9EF3D84}.Debug|x86.Build.0 = Debug|Win32
		{4428BED2-3DB9-426B-86A4-7307E9EF3D84}.Release|x64.ActiveCfg = Release|x64
		{4428BED2-3DB9-426B-86A4-7307E9EF3D84}.Release|x64.Build.0 = Release|x64
		{4428BED2-3DB9-426B-86A4-7307E9EF3D84}.Release|x86.ActiveCfg = Release|Win32
		{4428BED2-3DB9-426B-86A4-7307E9EF3D84}.Release|x86.Build.0 = Release|Win32
		{B699A7AC-7FA9-47E3-A717-A2789AE28C7F}.Debug|x64.ActiveCfg = Debug|x64
		{B699A7AC-7FA9-47E3-A717-A2789AE28C7F}.Debug|x64.Build.0 = Debug|x64
		{B699A7AC-7FA9-47E3-A717-A2789AE28C7F}.Debug|x86.ActiveCfg = Debug|Win32
		{B699A7AC-7FA9-47E3-A717-A2789AE28C7F}.Debug|x86.Build.0 = Debug|Win32
		{B699A7AC-7FA9-47E3-A717-A2789AE28C7F}.Release|x64.ActiveCfg = Release|x64
		{B699A7AC-7FA9-47E3-A717-A2789AE28C7F}.Release|x64.Build.0 = Release|x64
		{B699A7AC-7FA9-47E3-A717-A2789AE28C7F}.Release|x86.ActiveCfg = Release|Win32
		{B699A7AC-7FA9-47E3-A717-A2789AE28C7F}.Release|x86.Build.0 = Release|Win32
	EndGlobalSection
	GlobalSection(SolutionProperties) = preSolution
		HideSolutionNode = FALSE
	EndGlobalSection
	GlobalSection(ExtensibilityGlobals) = postSolution
		SolutionGuid = {D4F3E2AF-7DE2-4C14-8F38-8D9116D67FEA}
	EndGlobalSection
EndGlobal
